
Microsoft Visual Studio Solution File, Format Version 12.00
# Visual Studio Version 17
VisualStudioVersion = 17.13.35931.197 d17.13
MinimumVisualStudioVersion = 10.0.40219.1
Project("{FAE04EC0-301F-11D3-BF4B-00C04F79EFBC}") = "eTickets", "eTickets\eTickets.csproj", "{67730053-E5AD-4C4D-BDF3-DA7583EAF001}"
EndProject
Global
	GlobalSection(SolutionConfigurationPlatforms) = preSolution
		Debug|Any CPU = Debug|Any CPU
		Release|Any CPU = Release|Any CPU
	EndGlobalSection
	GlobalSection(ProjectConfigurationPlatforms) = postSolution
		{67730053-E5AD-4C4D-BDF3-DA7583EAF001}.Debug|Any CPU.ActiveCfg = Debug|Any CPU
		{67730053-E5AD-4C4D-BDF3-DA7583EAF001}.Debug|Any CPU.Build.0 = Debug|Any CPU
		{67730053-E5AD-4C4D-BDF3-DA7583EAF001}.Release|Any CPU.ActiveCfg = Release|Any CPU
		{67730053-E5AD-4C4D-BDF3-DA7583EAF001}.Release|Any CPU.Build.0 = Release|Any CPU
	EndGlobalSection
	GlobalSection(SolutionProperties) = preSolution
		HideSolutionNode = FALSE
	EndGlobalSection
	GlobalSection(ExtensibilityGlobals) = postSolution
		SolutionGuid = {26D0D4D3-2AC4-4026-95A8-F0AA8CC32DE9}
	EndGlobalSection
EndGlobal
